
Microsoft Visual Studio Solution File, Format Version 12.00
Project("{FAE04EC0-301F-11D3-BF4B-00C04F79EFBC}") = "Numo.Gateway.Api", "src\Numo.Gateway.Api\Numo.Gateway.Api.csproj", "{AE4A7B98-B82F-4FF8-9B24-04FBE4642468}"
EndProject
Global
	GlobalSection(SolutionConfigurationPlatforms) = preSolution
		Debug|Any CPU = Debug|Any CPU
		Release|Any CPU = Release|Any CPU
	EndGlobalSection
	GlobalSection(ProjectConfigurationPlatforms) = postSolution
		{AE4A7B98-B82F-4FF8-9B24-04FBE4642468}.Debug|Any CPU.ActiveCfg = Debug|Any CPU
		{AE4A7B98-B82F-4FF8-9B24-04FBE4642468}.Debug|Any CPU.Build.0 = Debug|Any CPU
		{AE4A7B98-B82F-4FF8-9B24-04FBE4642468}.Release|Any CPU.ActiveCfg = Release|Any CPU
		{AE4A7B98-B82F-4FF8-9B24-04FBE4642468}.Release|Any CPU.Build.0 = Release|Any CPU
	EndGlobalSection
EndGlobal
